
Microsoft Visual Studio Solution File, Format Version 12.00
# Visual Studio Version 16
VisualStudioVersion = 16.0.30503.244
MinimumVisualStudioVersion = 10.0.40219.1
Project("{FAE04EC0-301F-11D3-BF4B-00C04F79EFBC}") = "UwpUI", "UwpUI\UwpUI.csproj", "{EA7D0994-DF42-454E-B998-5C7978D00725}"
EndProject
Project("{FAE04EC0-301F-11D3-BF4B-00C04F79EFBC}") = "SharedUwpLibrary", "SharedUwpLibrary\SharedUwpLibrary.csproj", "{A3275B80-2FED-4975-B691-377FEAD07480}"
EndProject
Project("{FAE04EC0-301F-11D3-BF4B-00C04F79EFBC}") = "SharedCoreLibrary", "SharedCoreLibrary\SharedCoreLibrary.csproj", "{A50303B3-B919-42C5-AA39-8B159809ABF0}"
EndProject
Project("{FAE04EC0-301F-11D3-BF4B-00C04F79EFBC}") = "SharedCoreLibrary.Tests", "SharedCoreLibrary.Tests\SharedCoreLibrary.Tests.csproj", "{5689380D-57C8-4439-84DE-9B0AFEE1E431}"
EndProject
Project("{FAE04EC0-301F-11D3-BF4B-00C04F79EFBC}") = "SharedUwpLibrary.Tests", "SharedUwpLibrary.Tests\SharedUwpLibrary.Tests.csproj", "{EE60757F-08F3-426E-B547-4B9E8A37E9B3}"
EndProject
Global
	GlobalSection(SolutionConfigurationPlatforms) = preSolution
		Debug|Any CPU = Debug|Any CPU
		Debug|ARM = Debug|ARM
		Debug|ARM64 = Debug|ARM64
		Debug|x64 = Debug|x64
		Debug|x86 = Debug|x86
		Release|Any CPU = Release|Any CPU
		Release|ARM = Release|ARM
		Release|ARM64 = Release|ARM64
		Release|x64 = Release|x64
		Release|x86 = Release|x86
	EndGlobalSection
	GlobalSection(ProjectConfigurationPlatforms) = postSolution
		{EA7D0994-DF42-454E-B998-5C7978D00725}.Debug|Any CPU.ActiveCfg = Debug|x86
		{EA7D0994-DF42-454E-B998-5C7978D00725}.Debug|ARM.ActiveCfg = Debug|ARM
		{EA7D0994-DF42-454E-B998-5C7978D00725}.Debug|ARM.Build.0 = Debug|ARM
		{EA7D0994-DF42-454E-B998-5C7978D00725}.Debug|ARM.Deploy.0 = Debug|ARM
		{EA7D0994-DF42-454E-B998-5C7978D00725}.Debug|ARM64.ActiveCfg = Debug|ARM64
		{EA7D0994-DF42-454E-B998-5C7978D00725}.Debug|ARM64.Build.0 = Debug|ARM64
		{EA7D0994-DF42-454E-B998-5C7978D00725}.Debug|ARM64.Deploy.0 = Debug|ARM64
		{EA7D0994-DF42-454E-B998-5C7978D00725}.Debug|x64.ActiveCfg = Debug|x64
		{EA7D0994-DF42-454E-B998-5C7978D00725}.Debug|x64.Build.0 = Debug|x64
		{EA7D0994-DF42-454E-B998-5C7978D00725}.Debug|x64.Deploy.0 = Debug|x64
		{EA7D0994-DF42-454E-B998-5C7978D00725}.Debug|x86.ActiveCfg = Debug|x86
		{EA7D0994-DF42-454E-B998-5C7978D00725}.Debug|x86.Build.0 = Debug|x86
		{EA7D0994-DF42-454E-B998-5C7978D00725}.Debug|x86.Deploy.0 = Debug|x86
		{EA7D0994-DF42-454E-B998-5C7978D00725}.Release|Any CPU.ActiveCfg = Release|x86
		{EA7D0994-DF42-454E-B998-5C7978D00725}.Release|ARM.ActiveCfg = Release|ARM
		{EA7D0994-DF42-454E-B998-5C7978D00725}.Release|ARM.Build.0 = Release|ARM
		{EA7D0994-DF42-454E-B998-5C7978D00725}.Release|ARM.Deploy.0 = Release|ARM
		{EA7D0994-DF42-454E-B998-5C7978D00725}.Release|ARM64.ActiveCfg = Release|ARM64
		{EA7D0994-DF42-454E-B998-5C7978D00725}.Release|ARM64.Build.0 = Release|ARM64
		{EA7D0994-DF42-454E-B998-5C7978D00725}.Release|ARM64.Deploy.0 = Release|ARM64
		{EA7D0994-DF42-454E-B998-5C7978D00725}.Release|x64.ActiveCfg = Release|x64
		{EA7D0994-DF42-454E-B998-5C7978D00725}.Release|x64.Build.0 = Release|x64
		{EA7D0994-DF42-454E-B998-5C7978D00725}.Release|x64.Deploy.0 = Release|x64
		{EA7D0994-DF42-454E-B998-5C7978D00725}.Release|x86.ActiveCfg = Release|x86
		{EA7D0994-DF42-454E-B998-5C7978D00725}.Release|x86.Build.0 = Release|x86
		{EA7D0994-DF42-454E-B998-5C7978D00725}.Release|x86.Deploy.0 = Release|x86
		{A3275B80-2FED-4975-B691-377FEAD07480}.Debug|Any CPU.ActiveCfg = Debug|Any CPU
		{A3275B80-2FED-4975-B691-377FEAD07480}.Debug|Any CPU.Build.0 = Debug|Any CPU
		{A3275B80-2FED-4975-B691-377FEAD07480}.Debug|ARM.ActiveCfg = Debug|ARM
		{A3275B80-2FED-4975-B691-377FEAD07480}.Debug|ARM.Build.0 = Debug|ARM
		{A3275B80-2FED-4975-B691-377FEAD07480}.Debug|ARM64.ActiveCfg = Debug|ARM64
		{A3275B80-2FED-4975-B691-377FEAD07480}.Debug|ARM64.Build.0 = Debug|ARM64
		{A3275B80-2FED-4975-B691-377FEAD07480}.Debug|x64.ActiveCfg = Debug|x64
		{A3275B80-2FED-4975-B691-377FEAD07480}.Debug|x64.Build.0 = Debug|x64
		{A3275B80-2FED-4975-B691-377FEAD07480}.Debug|x86.ActiveCfg = Debug|x86
		{A3275B80-2FED-4975-B691-377FEAD07480}.Debug|x86.Build.0 = Debug|x86
		{A3275B80-2FED-4975-B691-377FEAD07480}.Release|Any CPU.ActiveCfg = Release|Any CPU
		{A3275B80-2FED-4975-B691-377FEAD07480}.Release|Any CPU.Build.0 = Release|Any CPU
		{A3275B80-2FED-4975-B691-377FEAD07480}.Release|ARM.ActiveCfg = Release|ARM
		{A3275B80-2FED-4975-B691-377FEAD07480}.Release|ARM.Build.0 = Release|ARM
		{A3275B80-2FED-4975-B691-377FEAD07480}.Release|ARM64.ActiveCfg = Release|ARM64
		{A3275B80-2FED-4975-B691-377FEAD07480}.Release|ARM64.Build.0 = Release|ARM64
		{A3275B80-2FED-4975-B691-377FEAD07480}.Release|x64.ActiveCfg = Release|x64
		{A3275B80-2FED-4975-B691-377FEAD07480}.Release|x64.Build.0 = Release|x64
		{A3275B80-2FED-4975-B691-377FEAD07480}.Release|x86.ActiveCfg = Release|x86
		{A3275B80-2FED-4975-B691-377FEAD07480}.Release|x86.Build.0 = Release|x86
		{A50303B3-B919-42C5-AA39-8B159809ABF0}.Debug|Any CPU.ActiveCfg = Debug|Any CPU
		{A50303B3-B919-42C5-AA39-8B159809ABF0}.Debug|Any CPU.Build.0 = Debug|Any CPU
		{A50303B3-B919-42C5-AA39-8B159809ABF0}.Debug|ARM.ActiveCfg = Debug|Any CPU
		{A50303B3-B919-42C5-AA39-8B159809ABF0}.Debug|ARM.Build.0 = Debug|Any CPU
		{A50303B3-B919-42C5-AA39-8B159809ABF0}.Debug|ARM64.ActiveCfg = Debug|Any CPU
		{A50303B3-B919-42C5-AA39-8B159809ABF0}.Debug|ARM64.Build.0 = Debug|Any CPU
		{A50303B3-B919-42C5-AA39-8B159809ABF0}.Debug|x64.ActiveCfg = Debug|Any CPU
		{A50303B3-B919-42C5-AA39-8B159809ABF0}.Debug|x64.Build.0 = Debug|Any CPU
		{A50303B3-B919-42C5-AA39-8B159809ABF0}.Debug|x86.ActiveCfg = Debug|Any CPU
		{A50303B3-B919-42C5-AA39-8B159809ABF0}.Debug|x86.Build.0 = Debug|Any CPU
		{A50303B3-B919-42C5-AA39-8B159809ABF0}.Release|Any CPU.ActiveCfg = Release|Any CPU
		{A50303B3-B919-42C5-AA39-8B159809ABF0}.Release|Any CPU.Build.0 = Release|Any CPU
		{A50303B3-B919-42C5-AA39-8B159809ABF0}.Release|ARM.ActiveCfg = Release|Any CPU
		{A50303B3-B919-42C5-AA39-8B159809ABF0}.Release|ARM.Build.0 = Release|Any CPU
		{A50303B3-B919-42C5-AA39-8B159809ABF0}.Release|ARM64.ActiveCfg = Release|Any CPU
		{A50303B3-B919-42C5-AA39-8B159809ABF0}.Release|ARM64.Build.0 = Release|Any CPU
		{A50303B3-B919-42C5-AA39-8B159809ABF0}.Release|x64.ActiveCfg = Release|Any CPU
		{A50303B3-B919-42C5-AA39-8B159809ABF0}.Release|x64.Build.0 = Release|Any CPU
		{A50303B3-B919-42C5-AA39-8B159809ABF0}.Release|x86.ActiveCfg = Release|Any CPU
		{A50303B3-B919-42C5-AA39-8B159809ABF0}.Release|x86.Build.0 = Release|Any CPU
		{5689380D-57C8-4439-84DE-9B0AFEE1E431}.Debug|Any CPU.ActiveCfg = Debug|Any CPU
		{5689380D-57C8-4439-84DE-9B0AFEE1E431}.Debug|Any CPU.Build.0 = Debug|Any CPU
		{5689380D-57C8-4439-84DE-9B0AFEE1E431}.Debug|ARM.ActiveCfg = Debug|Any CPU
		{5689380D-57C8-4439-84DE-9B0AFEE1E431}.Debug|ARM.Build.0 = Debug|Any CPU
		{5689380D-57C8-4439-84DE-9B0AFEE1E431}.Debug|ARM64.ActiveCfg = Debug|Any CPU
		{5689380D-57C8-4439-84DE-9B0AFEE1E431}.Debug|ARM64.Build.0 = Debug|Any CPU
		{5689380D-57C8-4439-84DE-9B0AFEE1E431}.Debug|x64.ActiveCfg = Debug|Any CPU
		{5689380D-57C8-4439-84DE-9B0AFEE1E431}.Debug|x64.Build.0 = Debug|Any CPU
		{5689380D-57C8-4439-84DE-9B0AFEE1E431}.Debug|x86.ActiveCfg = Debug|Any CPU
		{5689380D-57C8-4439-84DE-9B0AFEE1E431}.Debug|x86.Build.0 = Debug|Any CPU
		{5689380D-57C8-4439-84DE-9B0AFEE1E431}.Release|Any CPU.ActiveCfg = Release|Any CPU
		{5689380D-57C8-4439-84DE-9B0AFEE1E431}.Release|Any CPU.Build.0 = Release|Any CPU
		{5689380D-57C8-4439-84DE-9B0AFEE1E431}.Release|ARM.ActiveCfg = Release|Any CPU
		{5689380D-57C8-4439-84DE-9B0AFEE1E431}.Release|ARM.Build.0 = Release|Any CPU
		{5689380D-57C8-4439-84DE-9B0AFEE1E431}.Release|ARM64.ActiveCfg = Release|Any CPU
		{5689380D-57C8-4439-84DE-9B0AFEE1E431}.Release|ARM64.Build.0 = Release|Any CPU
		{5689380D-57C8-4439-84DE-9B0AFEE1E431}.Release|x64.ActiveCfg = Release|Any CPU
		{5689380D-57C8-4439-84DE-9B0AFEE1E431}.Release|x64.Build.0 = Release|Any CPU
		{5689380D-57C8-4439-84DE-9B0AFEE1E431}.Release|x86.ActiveCfg = Release|Any CPU
		{5689380D-57C8-4439-84DE-9B0AFEE1E431}.Release|x86.Build.0 = Release|Any CPU
		{EE60757F-08F3-426E-B547-4B9E8A37E9B3}.Debug|Any CPU.ActiveCfg = Debug|x86
		{EE60757F-08F3-426E-B547-4B9E8A37E9B3}.Debug|ARM.ActiveCfg = Debug|ARM
		{EE60757F-08F3-426E-B547-4B9E8A37E9B3}.Debug|ARM.Build.0 = Debug|ARM
		{EE60757F-08F3-426E-B547-4B9E8A37E9B3}.Debug|ARM.Deploy.0 = Debug|ARM
		{EE60757F-08F3-426E-B547-4B9E8A37E9B3}.Debug|ARM64.ActiveCfg = Debug|ARM64
		{EE60757F-08F3-426E-B547-4B9E8A37E9B3}.Debug|ARM64.Build.0 = Debug|ARM64
		{EE60757F-08F3-426E-B547-4B9E8A37E9B3}.Debug|ARM64.Deploy.0 = Debug|ARM64
		{EE60757F-08F3-426E-B547-4B9E8A37E9B3}.Debug|x64.ActiveCfg = Debug|x64
		{EE60757F-08F3-426E-B547-4B9E8A37E9B3}.Debug|x64.Build.0 = Debug|x64
		{EE60757F-08F3-426E-B547-4B9E8A37E9B3}.Debug|x64.Deploy.0 = Debug|x64
		{EE60757F-08F3-426E-B547-4B9E8A37E9B3}.Debug|x86.ActiveCfg = Debug|x86
		{EE60757F-08F3-426E-B547-4B9E8A37E9B3}.Debug|x86.Build.0 = Debug|x86
		{EE60757F-08F3-426E-B547-4B9E8A37E9B3}.Debug|x86.Deploy.0 = Debug|x86
		{EE60757F-08F3-426E-B547-4B9E8A37E9B3}.Release|Any CPU.ActiveCfg = Release|x86
		{EE60757F-08F3-426E-B547-4B9E8A37E9B3}.Release|ARM.ActiveCfg = Release|ARM
		{EE60757F-08F3-426E-B547-4B9E8A37E9B3}.Release|ARM.Build.0 = Release|ARM
		{EE60757F-08F3-426E-B547-4B9E8A37E9B3}.Release|ARM.Deploy.0 = Release|ARM
		{EE60757F-08F3-426E-B547-4B9E8A37E9B3}.Release|ARM64.ActiveCfg = Release|ARM64
		{EE60757F-08F3-426E-B547-4B9E8A37E9B3}.Release|ARM64.Build.0 = Release|ARM64
		{EE60757F-08F3-426E-B547-4B9E8A37E9B3}.Release|ARM64.Deploy.0 = Release|ARM64
		{EE60757F-08F3-426E-B547-4B9E8A37E9B3}.Release|x64.ActiveCfg = Release|x64
		{EE60757F-08F3-426E-B547-4B9E8A37E9B3}.Release|x64.Build.0 = Release|x64
		{EE60757F-08F3-426E-B547-4B9E8A37E9B3}.Release|x64.Deploy.0 = Release|x64
		{EE60757F-08F3-426E-B547-4B9E8A37E9B3}.Release|x86.ActiveCfg = Release|x86
		{EE60757F-08F3-426E-B547-4B9E8A37E9B3}.Release|x86.Build.0 = Release|x86
		{EE60757F-08F3-426E-B547-4B9E8A37E9B3}.Release|x86.Deploy.0 = Release|x86
	EndGlobalSection
	GlobalSection(SolutionProperties) = preSolution
		HideSolutionNode = FALSE
	EndGlobalSection
	GlobalSection(ExtensibilityGlobals) = postSolution
		SolutionGuid = {37C9525C-4ADC-4527-915B-F05DD9F6A623}
	EndGlobalSection
EndGlobal
